
Microsoft Visual Studio Solution File, Format Version 12.00
# Visual Studio Version 17
VisualStudioVersion = 17.7.34024.191
MinimumVisualStudioVersion = 10.0.40219.1
Project("{9A19103F-16F7-4668-BE54-9A1E7A4F7556}") = "PanGamesGuessNumber", "PanGamesGuessNumber\PanGamesGuessNumber.csproj", "{EAF0AD6A-131A-400C-81D3-07CA56E58641}"
	ProjectSection(ProjectDependencies) = postProject
		{C714913F-1E0B-4777-8176-5A269F92094F} = {C714913F-1E0B-4777-8176-5A269F92094F}
	EndProjectSection
EndProject
Project("{FAE04EC0-301F-11D3-BF4B-00C04F79EFBC}") = "GuessNumber", "GuessNumber\GuessNumber.csproj", "{C714913F-1E0B-4777-8176-5A269F92094F}"
EndProject
Global
	GlobalSection(SolutionConfigurationPlatforms) = preSolution
		Debug|Any CPU = Debug|Any CPU
		Release|Any CPU = Release|Any CPU
	EndGlobalSection
	GlobalSection(ProjectConfigurationPlatforms) = postSolution
		{EAF0AD6A-131A-400C-81D3-07CA56E58641}.Debug|Any CPU.ActiveCfg = Debug|Any CPU
		{EAF0AD6A-131A-400C-81D3-07CA56E58641}.Debug|Any CPU.Build.0 = Debug|Any CPU
		{EAF0AD6A-131A-400C-81D3-07CA56E58641}.Release|Any CPU.ActiveCfg = Release|Any CPU
		{EAF0AD6A-131A-400C-81D3-07CA56E58641}.Release|Any CPU.Build.0 = Release|Any CPU
		{C714913F-1E0B-4777-8176-5A269F92094F}.Debug|Any CPU.ActiveCfg = Debug|Any CPU
		{C714913F-1E0B-4777-8176-5A269F92094F}.Debug|Any CPU.Build.0 = Debug|Any CPU
		{C714913F-1E0B-4777-8176-5A269F92094F}.Release|Any CPU.ActiveCfg = Release|Any CPU
		{C714913F-1E0B-4777-8176-5A269F92094F}.Release|Any CPU.Build.0 = Release|Any CPU
	EndGlobalSection
	GlobalSection(SolutionProperties) = preSolution
		HideSolutionNode = FALSE
	EndGlobalSection
	GlobalSection(ExtensibilityGlobals) = postSolution
		SolutionGuid = {1FA20CF0-D4B4-401D-925F-33CC5CB034AC}
	EndGlobalSection
EndGlobal
